
Microsoft Visual Studio Solution File, Format Version 12.00
# Visual Studio Version 17
VisualStudioVersion = 17.8.34601.278
MinimumVisualStudioVersion = 10.0.40219.1
Project("{9A19103F-16F7-4668-BE54-9A1E7A4F7556}") = "ClassFramework.Domain", "src\ClassFramework.Domain\ClassFramework.Domain.csproj", "{B6539FAA-DAFF-4150-882B-B78B364EAD5A}"
EndProject
Project("{9A19103F-16F7-4668-BE54-9A1E7A4F7556}") = "ClassFramework.Domain.Tests", "src\ClassFramework.Domain.Tests\ClassFramework.Domain.Tests.csproj", "{A2E701FE-4B03-4969-924E-FEEBDDD9A9C8}"
EndProject
Project("{9A19103F-16F7-4668-BE54-9A1E7A4F7556}") = "ClassFramework.Pipelines", "src\ClassFramework.Pipelines\ClassFramework.Pipelines.csproj", "{F6956526-8340-415E-AE6D-9B57C18FB885}"
EndProject
Project("{9A19103F-16F7-4668-BE54-9A1E7A4F7556}") = "ClassFramework.Pipelines.Tests", "src\ClassFramework.Pipelines.Tests\ClassFramework.Pipelines.Tests.csproj", "{9514164C-CAB3-4A77-ABF2-5E6EA22456A2}"
EndProject
Project("{9A19103F-16F7-4668-BE54-9A1E7A4F7556}") = "ClassFramework.TemplateFramework", "src\ClassFramework.TemplateFramework\ClassFramework.TemplateFramework.csproj", "{FDE16979-85C8-46BA-BE6B-5D57AA533ADA}"
EndProject
Project("{9A19103F-16F7-4668-BE54-9A1E7A4F7556}") = "ClassFramework.TemplateFramework.Tests", "src\ClassFramework.TemplateFramework.Tests\ClassFramework.TemplateFramework.Tests.csproj", "{19E6F1FC-59B9-4289-96E7-822482792543}"
EndProject
Project("{9A19103F-16F7-4668-BE54-9A1E7A4F7556}") = "ClassFramework.CodeGeneration", "src\ClassFramework.CodeGeneration\ClassFramework.CodeGeneration.csproj", "{5635C1A7-A52F-4F04-B9C9-1E8070717DF0}"
EndProject
Project("{9A19103F-16F7-4668-BE54-9A1E7A4F7556}") = "CrossCutting.ProcessingPipeline", "..\CrossCutting\src\CrossCutting.ProcessingPipeline\CrossCutting.ProcessingPipeline.csproj", "{570DEC5F-671C-4713-8E1C-CC48F4D54E51}"
EndProject
Global
	GlobalSection(SolutionConfigurationPlatforms) = preSolution
		Debug|Any CPU = Debug|Any CPU
		Release|Any CPU = Release|Any CPU
	EndGlobalSection
	GlobalSection(ProjectConfigurationPlatforms) = postSolution
		{B6539FAA-DAFF-4150-882B-B78B364EAD5A}.Debug|Any CPU.ActiveCfg = Debug|Any CPU
		{B6539FAA-DAFF-4150-882B-B78B364EAD5A}.Debug|Any CPU.Build.0 = Debug|Any CPU
		{B6539FAA-DAFF-4150-882B-B78B364EAD5A}.Release|Any CPU.ActiveCfg = Release|Any CPU
		{B6539FAA-DAFF-4150-882B-B78B364EAD5A}.Release|Any CPU.Build.0 = Release|Any CPU
		{A2E701FE-4B03-4969-924E-FEEBDDD9A9C8}.Debug|Any CPU.ActiveCfg = Debug|Any CPU
		{A2E701FE-4B03-4969-924E-FEEBDDD9A9C8}.Debug|Any CPU.Build.0 = Debug|Any CPU
		{A2E701FE-4B03-4969-924E-FEEBDDD9A9C8}.Release|Any CPU.ActiveCfg = Release|Any CPU
		{A2E701FE-4B03-4969-924E-FEEBDDD9A9C8}.Release|Any CPU.Build.0 = Release|Any CPU
		{F6956526-8340-415E-AE6D-9B57C18FB885}.Debug|Any CPU.ActiveCfg = Debug|Any CPU
		{F6956526-8340-415E-AE6D-9B57C18FB885}.Debug|Any CPU.Build.0 = Debug|Any CPU
		{F6956526-8340-415E-AE6D-9B57C18FB885}.Release|Any CPU.ActiveCfg = Release|Any CPU
		{F6956526-8340-415E-AE6D-9B57C18FB885}.Release|Any CPU.Build.0 = Release|Any CPU
		{9514164C-CAB3-4A77-ABF2-5E6EA22456A2}.Debug|Any CPU.ActiveCfg = Debug|Any CPU
		{9514164C-CAB3-4A77-ABF2-5E6EA22456A2}.Debug|Any CPU.Build.0 = Debug|Any CPU
		{9514164C-CAB3-4A77-ABF2-5E6EA22456A2}.Release|Any CPU.ActiveCfg = Release|Any CPU
		{9514164C-CAB3-4A77-ABF2-5E6EA22456A2}.Release|Any CPU.Build.0 = Release|Any CPU
		{FDE16979-85C8-46BA-BE6B-5D57AA533ADA}.Debug|Any CPU.ActiveCfg = Debug|Any CPU
		{FDE16979-85C8-46BA-BE6B-5D57AA533ADA}.Debug|Any CPU.Build.0 = Debug|Any CPU
		{FDE16979-85C8-46BA-BE6B-5D57AA533ADA}.Release|Any CPU.ActiveCfg = Release|Any CPU
		{FDE16979-85C8-46BA-BE6B-5D57AA533ADA}.Release|Any CPU.Build.0 = Release|Any CPU
		{19E6F1FC-59B9-4289-96E7-822482792543}.Debug|Any CPU.ActiveCfg = Debug|Any CPU
		{19E6F1FC-59B9-4289-96E7-822482792543}.Debug|Any CPU.Build.0 = Debug|Any CPU
		{19E6F1FC-59B9-4289-96E7-822482792543}.Release|Any CPU.ActiveCfg = Release|Any CPU
		{19E6F1FC-59B9-4289-96E7-822482792543}.Release|Any CPU.Build.0 = Release|Any CPU
		{5635C1A7-A52F-4F04-B9C9-1E8070717DF0}.Debug|Any CPU.ActiveCfg = Debug|Any CPU
		{5635C1A7-A52F-4F04-B9C9-1E8070717DF0}.Debug|Any CPU.Build.0 = Debug|Any CPU
		{5635C1A7-A52F-4F04-B9C9-1E8070717DF0}.Release|Any CPU.ActiveCfg = Release|Any CPU
		{570DEC5F-671C-4713-8E1C-CC48F4D54E51}.Debug|Any CPU.ActiveCfg = Debug|Any CPU
		{570DEC5F-671C-4713-8E1C-CC48F4D54E51}.Debug|Any CPU.Build.0 = Debug|Any CPU
		{570DEC5F-671C-4713-8E1C-CC48F4D54E51}.Release|Any CPU.ActiveCfg = Release|Any CPU
		{570DEC5F-671C-4713-8E1C-CC48F4D54E51}.Release|Any CPU.Build.0 = Release|Any CPU
	EndGlobalSection
	GlobalSection(SolutionProperties) = preSolution
		HideSolutionNode = FALSE
	EndGlobalSection
	GlobalSection(ExtensibilityGlobals) = postSolution
		SolutionGuid = {1434D77D-FA5C-4EBE-9786-A23BD355F039}
	EndGlobalSection
EndGlobal
